
Microsoft Visual Studio Solution File, Format Version 12.00
# Visual Studio Version 16
VisualStudioVersion = 16.0.31205.134
MinimumVisualStudioVersion = 10.0.40219.1
Project("{D954291E-2A0B-460D-934E-DC6B0785DB48}") = "POSUNO.Shared", "POSUNO\POSUNO.Shared\POSUNO.Shared.shproj", "{6279C845-92F8-4333-AB99-3D213163593C}"
EndProject
Project("{2150E333-8FDC-42A3-9474-1A3956D46DE8}") = "Platforms", "Platforms", "{680DD480-9264-4312-85FC-82FB2D0078B9}"
EndProject
Project("{FAE04EC0-301F-11D3-BF4B-00C04F79EFBC}") = "POSUNO.Droid", "POSUNO\POSUNO.Droid\POSUNO.Droid.csproj", "{3D8BB244-2A7E-43C1-B95A-5DF7D699D4FA}"
EndProject
Project("{FAE04EC0-301F-11D3-BF4B-00C04F79EFBC}") = "POSUNO.iOS", "POSUNO\POSUNO.iOS\POSUNO.iOS.csproj", "{38669265-4013-4032-98DB-144CA3132C9D}"
EndProject
Project("{FAE04EC0-301F-11D3-BF4B-00C04F79EFBC}") = "POSUNO.UWP", "POSUNO\POSUNO.UWP\POSUNO.UWP.csproj", "{CF800807-C379-49DD-AAE3-6AC296D42856}"
EndProject
Project("{FAE04EC0-301F-11D3-BF4B-00C04F79EFBC}") = "POSUNO.Wasm", "POSUNO\POSUNO.Wasm\POSUNO.Wasm.csproj", "{D6311130-BC4B-4259-8A51-75A38BB9EF88}"
EndProject
Project("{FAE04EC0-301F-11D3-BF4B-00C04F79EFBC}") = "POSUNO.macOS", "POSUNO\POSUNO.macOS\POSUNO.macOS.csproj", "{B70111F0-98F5-4AE2-BC2B-037C50573BB5}"
EndProject
Project("{FAE04EC0-301F-11D3-BF4B-00C04F79EFBC}") = "POSUNO.Skia.Wpf.Host", "POSUNO\POSUNO.Skia.Wpf.Host\POSUNO.Skia.Wpf.Host.csproj", "{9A627D5C-6806-4424-8730-58CBCFFF4E1B}"
EndProject
Project("{FAE04EC0-301F-11D3-BF4B-00C04F79EFBC}") = "POSUNO.Skia.Wpf", "POSUNO\POSUNO.Skia.Wpf\POSUNO.Skia.Wpf.csproj", "{866A48CA-CCB9-4B5F-8D7A-E8F72DB11F77}"
EndProject
Project("{FAE04EC0-301F-11D3-BF4B-00C04F79EFBC}") = "POSUNO.Skia.Gtk", "POSUNO\POSUNO.Skia.Gtk\POSUNO.Skia.Gtk.csproj", "{24730A51-E6EE-43BE-9E48-769831BF2FF3}"
EndProject
Project("{FAE04EC0-301F-11D3-BF4B-00C04F79EFBC}") = "POSUNO.Skia.Tizen", "POSUNO\POSUNO.Skia.Tizen\POSUNO.Skia.Tizen.csproj", "{FC03099D-68DA-4A8B-95A8-98B4F582151B}"
EndProject
Project("{FAE04EC0-301F-11D3-BF4B-00C04F79EFBC}") = "POSUNO.Api", "POSUNO.Api\POSUNO.Api.csproj", "{A50416EA-D6CF-4149-B855-D2159DAB6277}"
EndProject
Global
	GlobalSection(SharedMSBuildProjectFiles) = preSolution
		POSUNO\POSUNO.Shared\POSUNO.Shared.projitems*{24730a51-e6ee-43be-9e48-769831bf2ff3}*SharedItemsImports = 5
		POSUNO\POSUNO.Shared\POSUNO.Shared.projitems*{38669265-4013-4032-98db-144ca3132c9d}*SharedItemsImports = 4
		POSUNO\POSUNO.Shared\POSUNO.Shared.projitems*{3d8bb244-2a7e-43c1-b95a-5df7d699d4fa}*SharedItemsImports = 4
		POSUNO\POSUNO.Shared\POSUNO.Shared.projitems*{6279c845-92f8-4333-ab99-3d213163593c}*SharedItemsImports = 13
		POSUNO\POSUNO.Shared\POSUNO.Shared.projitems*{866a48ca-ccb9-4b5f-8d7a-e8f72db11f77}*SharedItemsImports = 5
		POSUNO\POSUNO.Shared\POSUNO.Shared.projitems*{b70111f0-98f5-4ae2-bc2b-037c50573bb5}*SharedItemsImports = 4
		POSUNO\POSUNO.Shared\POSUNO.Shared.projitems*{cf800807-c379-49dd-aae3-6ac296d42856}*SharedItemsImports = 4
		POSUNO\POSUNO.Shared\POSUNO.Shared.projitems*{d6311130-bc4b-4259-8a51-75a38bb9ef88}*SharedItemsImports = 5
		POSUNO\POSUNO.Shared\POSUNO.Shared.projitems*{fc03099d-68da-4a8b-95a8-98b4f582151b}*SharedItemsImports = 5
	EndGlobalSection
	GlobalSection(SolutionConfigurationPlatforms) = preSolution
		Ad-Hoc|Any CPU = Ad-Hoc|Any CPU
		Ad-Hoc|ARM = Ad-Hoc|ARM
		Ad-Hoc|ARM64 = Ad-Hoc|ARM64
		Ad-Hoc|iPhone = Ad-Hoc|iPhone
		Ad-Hoc|iPhoneSimulator = Ad-Hoc|iPhoneSimulator
		Ad-Hoc|x64 = Ad-Hoc|x64
		Ad-Hoc|x86 = Ad-Hoc|x86
		AppStore|Any CPU = AppStore|Any CPU
		AppStore|ARM = AppStore|ARM
		AppStore|ARM64 = AppStore|ARM64
		AppStore|iPhone = AppStore|iPhone
		AppStore|iPhoneSimulator = AppStore|iPhoneSimulator
		AppStore|x64 = AppStore|x64
		AppStore|x86 = AppStore|x86
		Debug|Any CPU = Debug|Any CPU
		Debug|ARM = Debug|ARM
		Debug|ARM64 = Debug|ARM64
		Debug|iPhone = Debug|iPhone
		Debug|iPhoneSimulator = Debug|iPhoneSimulator
		Debug|x64 = Debug|x64
		Debug|x86 = Debug|x86
		Release|Any CPU = Release|Any CPU
		Release|ARM = Release|ARM
		Release|ARM64 = Release|ARM64
		Release|iPhone = Release|iPhone
		Release|iPhoneSimulator = Release|iPhoneSimulator
		Release|x64 = Release|x64
		Release|x86 = Release|x86
	EndGlobalSection
	GlobalSection(ProjectConfigurationPlatforms) = postSolution
		{3D8BB244-2A7E-43C1-B95A-5DF7D699D4FA}.Ad-Hoc|Any CPU.ActiveCfg = Debug|Any CPU
		{3D8BB244-2A7E-43C1-B95A-5DF7D699D4FA}.Ad-Hoc|Any CPU.Build.0 = Debug|Any CPU
		{3D8BB244-2A7E-43C1-B95A-5DF7D699D4FA}.Ad-Hoc|Any CPU.Deploy.0 = Debug|Any CPU
		{3D8BB244-2A7E-43C1-B95A-5DF7D699D4FA}.Ad-Hoc|ARM.ActiveCfg = Debug|Any CPU
		{3D8BB244-2A7E-43C1-B95A-5DF7D699D4FA}.Ad-Hoc|ARM.Build.0 = Debug|Any CPU
		{3D8BB244-2A7E-43C1-B95A-5DF7D699D4FA}.Ad-Hoc|ARM.Deploy.0 = Debug|Any CPU
		{3D8BB244-2A7E-43C1-B95A-5DF7D699D4FA}.Ad-Hoc|ARM64.ActiveCfg = Debug|Any CPU
		{3D8BB244-2A7E-43C1-B95A-5DF7D699D4FA}.Ad-Hoc|ARM64.Build.0 = Debug|Any CPU
		{3D8BB244-2A7E-43C1-B95A-5DF7D699D4FA}.Ad-Hoc|ARM64.Deploy.0 = Debug|Any CPU
		{3D8BB244-2A7E-43C1-B95A-5DF7D699D4FA}.Ad-Hoc|iPhone.ActiveCfg = Debug|Any CPU
		{3D8BB244-2A7E-43C1-B95A-5DF7D699D4FA}.Ad-Hoc|iPhone.Build.0 = Debug|Any CPU
		{3D8BB244-2A7E-43C1-B95A-5DF7D699D4FA}.Ad-Hoc|iPhone.Deploy.0 = Debug|Any CPU
		{3D8BB244-2A7E-43C1-B95A-5DF7D699D4FA}.Ad-Hoc|iPhoneSimulator.ActiveCfg = Debug|Any CPU
		{3D8BB244-2A7E-43C1-B95A-5DF7D699D4FA}.Ad-Hoc|iPhoneSimulator.Build.0 = Debug|Any CPU
		{3D8BB244-2A7E-43C1-B95A-5DF7D699D4FA}.Ad-Hoc|iPhoneSimulator.Deploy.0 = Debug|Any CPU
		{3D8BB244-2A7E-43C1-B95A-5DF7D699D4FA}.Ad-Hoc|x64.ActiveCfg = Debug|Any CPU
		{3D8BB244-2A7E-43C1-B95A-5DF7D699D4FA}.Ad-Hoc|x64.Build.0 = Debug|Any CPU
		{3D8BB244-2A7E-43C1-B95A-5DF7D699D4FA}.Ad-Hoc|x64.Deploy.0 = Debug|Any CPU
		{3D8BB244-2A7E-43C1-B95A-5DF7D699D4FA}.Ad-Hoc|x86.ActiveCfg = Debug|Any CPU
		{3D8BB244-2A7E-43C1-B95A-5DF7D699D4FA}.Ad-Hoc|x86.Build.0 = Debug|Any CPU
		{3D8BB244-2A7E-43C1-B95A-5DF7D699D4FA}.Ad-Hoc|x86.Deploy.0 = Debug|Any CPU
		{3D8BB244-2A7E-43C1-B95A-5DF7D699D4FA}.AppStore|Any CPU.ActiveCfg = Debug|Any CPU
		{3D8BB244-2A7E-43C1-B95A-5DF7D699D4FA}.AppStore|Any CPU.Build.0 = Debug|Any CPU
		{3D8BB244-2A7E-43C1-B95A-5DF7D699D4FA}.AppStore|Any CPU.Deploy.0 = Debug|Any CPU
		{3D8BB244-2A7E-43C1-B95A-5DF7D699D4FA}.AppStore|ARM.ActiveCfg = Debug|Any CPU
		{3D8BB244-2A7E-43C1-B95A-5DF7D699D4FA}.AppStore|ARM.Build.0 = Debug|Any CPU
		{3D8BB244-2A7E-43C1-B95A-5DF7D699D4FA}.AppStore|ARM.Deploy.0 = Debug|Any CPU
		{3D8BB244-2A7E-43C1-B95A-5DF7D699D4FA}.AppStore|ARM64.ActiveCfg = Debug|Any CPU
		{3D8BB244-2A7E-43C1-B95A-5DF7D699D4FA}.AppStore|ARM64.Build.0 = Debug|Any CPU
		{3D8BB244-2A7E-43C1-B95A-5DF7D699D4FA}.AppStore|ARM64.Deploy.0 = Debug|Any CPU
		{3D8BB244-2A7E-43C1-B95A-5DF7D699D4FA}.AppStore|iPhone.ActiveCfg = Debug|Any CPU
		{3D8BB244-2A7E-43C1-B95A-5DF7D699D4FA}.AppStore|iPhone.Build.0 = Debug|Any CPU
		{3D8BB244-2A7E-43C1-B95A-5DF7D699D4FA}.AppStore|iPhone.Deploy.0 = Debug|Any CPU
		{3D8BB244-2A7E-43C1-B95A-5DF7D699D4FA}.AppStore|iPhoneSimulator.ActiveCfg = Debug|Any CPU
		{3D8BB244-2A7E-43C1-B95A-5DF7D699D4FA}.AppStore|iPhoneSimulator.Build.0 = Debug|Any CPU
		{3D8BB244-2A7E-43C1-B95A-5DF7D699D4FA}.AppStore|iPhoneSimulator.Deploy.0 = Debug|Any CPU
		{3D8BB244-2A7E-43C1-B95A-5DF7D699D4FA}.AppStore|x64.ActiveCfg = Debug|Any CPU
		{3D8BB244-2A7E-43C1-B95A-5DF7D699D4FA}.AppStore|x64.Build.0 = Debug|Any CPU
		{3D8BB244-2A7E-43C1-B95A-5DF7D699D4FA}.AppStore|x64.Deploy.0 = Debug|Any CPU
		{3D8BB244-2A7E-43C1-B95A-5DF7D699D4FA}.AppStore|x86.ActiveCfg = Debug|Any CPU
		{3D8BB244-2A7E-43C1-B95A-5DF7D699D4FA}.AppStore|x86.Build.0 = Debug|Any CPU
		{3D8BB244-2A7E-43C1-B95A-5DF7D699D4FA}.AppStore|x86.Deploy.0 = Debug|Any CPU
		{3D8BB244-2A7E-43C1-B95A-5DF7D699D4FA}.Debug|Any CPU.ActiveCfg = Debug|Any CPU
		{3D8BB244-2A7E-43C1-B95A-5DF7D699D4FA}.Debug|Any CPU.Build.0 = Debug|Any CPU
		{3D8BB244-2A7E-43C1-B95A-5DF7D699D4FA}.Debug|Any CPU.Deploy.0 = Debug|Any CPU
		{3D8BB244-2A7E-43C1-B95A-5DF7D699D4FA}.Debug|ARM.ActiveCfg = Debug|Any CPU
		{3D8BB244-2A7E-43C1-B95A-5DF7D699D4FA}.Debug|ARM.Build.0 = Debug|Any CPU
		{3D8BB244-2A7E-43C1-B95A-5DF7D699D4FA}.Debug|ARM.Deploy.0 = Debug|Any CPU
		{3D8BB244-2A7E-43C1-B95A-5DF7D699D4FA}.Debug|ARM64.ActiveCfg = Debug|Any CPU
		{3D8BB244-2A7E-43C1-B95A-5DF7D699D4FA}.Debug|ARM64.Build.0 = Debug|Any CPU
		{3D8BB244-2A7E-43C1-B95A-5DF7D699D4FA}.Debug|ARM64.Deploy.0 = Debug|Any CPU
		{3D8BB244-2A7E-43C1-B95A-5DF7D699D4FA}.Debug|iPhone.ActiveCfg = Debug|Any CPU
		{3D8BB244-2A7E-43C1-B95A-5DF7D699D4FA}.Debug|iPhone.Build.0 = Debug|Any CPU
		{3D8BB244-2A7E-43C1-B95A-5DF7D699D4FA}.Debug|iPhone.Deploy.0 = Debug|Any CPU
		{3D8BB244-2A7E-43C1-B95A-5DF7D699D4FA}.Debug|iPhoneSimulator.ActiveCfg = Debug|Any CPU
		{3D8BB244-2A7E-43C1-B95A-5DF7D699D4FA}.Debug|iPhoneSimulator.Build.0 = Debug|Any CPU
		{3D8BB244-2A7E-43C1-B95A-5DF7D699D4FA}.Debug|iPhoneSimulator.Deploy.0 = Debug|Any CPU
		{3D8BB244-2A7E-43C1-B95A-5DF7D699D4FA}.Debug|x64.ActiveCfg = Debug|Any CPU
		{3D8BB244-2A7E-43C1-B95A-5DF7D699D4FA}.Debug|x64.Build.0 = Debug|Any CPU
		{3D8BB244-2A7E-43C1-B95A-5DF7D699D4FA}.Debug|x64.Deploy.0 = Debug|Any CPU
		{3D8BB244-2A7E-43C1-B95A-5DF7D699D4FA}.Debug|x86.ActiveCfg = Debug|Any CPU
		{3D8BB244-2A7E-43C1-B95A-5DF7D699D4FA}.Debug|x86.Build.0 = Debug|Any CPU
		{3D8BB244-2A7E-43C1-B95A-5DF7D699D4FA}.Debug|x86.Deploy.0 = Debug|Any CPU
		{3D8BB244-2A7E-43C1-B95A-5DF7D699D4FA}.Release|Any CPU.ActiveCfg = Release|Any CPU
		{3D8BB244-2A7E-43C1-B95A-5DF7D699D4FA}.Release|Any CPU.Build.0 = Release|Any CPU
		{3D8BB244-2A7E-43C1-B95A-5DF7D699D4FA}.Release|Any CPU.Deploy.0 = Release|Any CPU
		{3D8BB244-2A7E-43C1-B95A-5DF7D699D4FA}.Release|ARM.ActiveCfg = Release|Any CPU
		{3D8BB244-2A7E-43C1-B95A-5DF7D699D4FA}.Release|ARM.Build.0 = Release|Any CPU
		{3D8BB244-2A7E-43C1-B95A-5DF7D699D4FA}.Release|ARM.Deploy.0 = Release|Any CPU
		{3D8BB244-2A7E-43C1-B95A-5DF7D699D4FA}.Release|ARM64.ActiveCfg = Release|Any CPU
		{3D8BB244-2A7E-43C1-B95A-5DF7D699D4FA}.Release|ARM64.Build.0 = Release|Any CPU
		{3D8BB244-2A7E-43C1-B95A-5DF7D699D4FA}.Release|ARM64.Deploy.0 = Release|Any CPU
		{3D8BB244-2A7E-43C1-B95A-5DF7D699D4FA}.Release|iPhone.ActiveCfg = Release|Any CPU
		{3D8BB244-2A7E-43C1-B95A-5DF7D699D4FA}.Release|iPhone.Build.0 = Release|Any CPU
		{3D8BB244-2A7E-43C1-B95A-5DF7D699D4FA}.Release|iPhone.Deploy.0 = Release|Any CPU
		{3D8BB244-2A7E-43C1-B95A-5DF7D699D4FA}.Release|iPhoneSimulator.ActiveCfg = Release|Any CPU
		{3D8BB244-2A7E-43C1-B95A-5DF7D699D4FA}.Release|iPhoneSimulator.Build.0 = Release|Any CPU
		{3D8BB244-2A7E-43C1-B95A-5DF7D699D4FA}.Release|iPhoneSimulator.Deploy.0 = Release|Any CPU
		{3D8BB244-2A7E-43C1-B95A-5DF7D699D4FA}.Release|x64.ActiveCfg = Release|Any CPU
		{3D8BB244-2A7E-43C1-B95A-5DF7D699D4FA}.Release|x64.Build.0 = Release|Any CPU
		{3D8BB244-2A7E-43C1-B95A-5DF7D699D4FA}.Release|x64.Deploy.0 = Release|Any CPU
		{3D8BB244-2A7E-43C1-B95A-5DF7D699D4FA}.Release|x86.ActiveCfg = Release|Any CPU
		{3D8BB244-2A7E-43C1-B95A-5DF7D699D4FA}.Release|x86.Build.0 = Release|Any CPU
		{3D8BB244-2A7E-43C1-B95A-5DF7D699D4FA}.Release|x86.Deploy.0 = Release|Any CPU
		{38669265-4013-4032-98DB-144CA3132C9D}.Ad-Hoc|Any CPU.ActiveCfg = Ad-Hoc|iPhoneSimulator
		{38669265-4013-4032-98DB-144CA3132C9D}.Ad-Hoc|ARM.ActiveCfg = Ad-Hoc|iPhoneSimulator
		{38669265-4013-4032-98DB-144CA3132C9D}.Ad-Hoc|ARM64.ActiveCfg = Ad-Hoc|iPhoneSimulator
		{38669265-4013-4032-98DB-144CA3132C9D}.Ad-Hoc|iPhone.ActiveCfg = Ad-Hoc|iPhone
		{38669265-4013-4032-98DB-144CA3132C9D}.Ad-Hoc|iPhone.Build.0 = Ad-Hoc|iPhone
		{38669265-4013-4032-98DB-144CA3132C9D}.Ad-Hoc|iPhoneSimulator.ActiveCfg = Ad-Hoc|iPhoneSimulator
		{38669265-4013-4032-98DB-144CA3132C9D}.Ad-Hoc|iPhoneSimulator.Build.0 = Ad-Hoc|iPhoneSimulator
		{38669265-4013-4032-98DB-144CA3132C9D}.Ad-Hoc|x64.ActiveCfg = Ad-Hoc|iPhoneSimulator
		{38669265-4013-4032-98DB-144CA3132C9D}.Ad-Hoc|x86.ActiveCfg = Ad-Hoc|iPhoneSimulator
		{38669265-4013-4032-98DB-144CA3132C9D}.AppStore|Any CPU.ActiveCfg = AppStore|iPhoneSimulator
		{38669265-4013-4032-98DB-144CA3132C9D}.AppStore|ARM.ActiveCfg = AppStore|iPhoneSimulator
		{38669265-4013-4032-98DB-144CA3132C9D}.AppStore|ARM64.ActiveCfg = AppStore|iPhoneSimulator
		{38669265-4013-4032-98DB-144CA3132C9D}.AppStore|iPhone.ActiveCfg = AppStore|iPhone
		{38669265-4013-4032-98DB-144CA3132C9D}.AppStore|iPhone.Build.0 = AppStore|iPhone
		{38669265-4013-4032-98DB-144CA3132C9D}.AppStore|iPhoneSimulator.ActiveCfg = AppStore|iPhoneSimulator
		{38669265-4013-4032-98DB-144CA3132C9D}.AppStore|iPhoneSimulator.Build.0 = AppStore|iPhoneSimulator
		{38669265-4013-4032-98DB-144CA3132C9D}.AppStore|x64.ActiveCfg = AppStore|iPhoneSimulator
		{38669265-4013-4032-98DB-144CA3132C9D}.AppStore|x86.ActiveCfg = AppStore|iPhoneSimulator
		{38669265-4013-4032-98DB-144CA3132C9D}.Debug|Any CPU.ActiveCfg = Debug|iPhoneSimulator
		{38669265-4013-4032-98DB-144CA3132C9D}.Debug|ARM.ActiveCfg = Debug|iPhoneSimulator
		{38669265-4013-4032-98DB-144CA3132C9D}.Debug|ARM64.ActiveCfg = Debug|iPhoneSimulator
		{38669265-4013-4032-98DB-144CA3132C9D}.Debug|iPhone.ActiveCfg = Debug|iPhone
		{38669265-4013-4032-98DB-144CA3132C9D}.Debug|iPhone.Build.0 = Debug|iPhone
		{38669265-4013-4032-98DB-144CA3132C9D}.Debug|iPhoneSimulator.ActiveCfg = Debug|iPhoneSimulator
		{38669265-4013-4032-98DB-144CA3132C9D}.Debug|iPhoneSimulator.Build.0 = Debug|iPhoneSimulator
		{38669265-4013-4032-98DB-144CA3132C9D}.Debug|x64.ActiveCfg = Debug|iPhoneSimulator
		{38669265-4013-4032-98DB-144CA3132C9D}.Debug|x86.ActiveCfg = Debug|iPhoneSimulator
		{38669265-4013-4032-98DB-144CA3132C9D}.Release|Any CPU.ActiveCfg = Release|iPhoneSimulator
		{38669265-4013-4032-98DB-144CA3132C9D}.Release|ARM.ActiveCfg = Release|iPhoneSimulator
		{38669265-4013-4032-98DB-144CA3132C9D}.Release|ARM64.ActiveCfg = Release|iPhoneSimulator
		{38669265-4013-4032-98DB-144CA3132C9D}.Release|iPhone.ActiveCfg = Release|iPhone
		{38669265-4013-4032-98DB-144CA3132C9D}.Release|iPhone.Build.0 = Release|iPhone
		{38669265-4013-4032-98DB-144CA3132C9D}.Release|iPhoneSimulator.ActiveCfg = Release|iPhoneSimulator
		{38669265-4013-4032-98DB-144CA3132C9D}.Release|iPhoneSimulator.Build.0 = Release|iPhoneSimulator
		{38669265-4013-4032-98DB-144CA3132C9D}.Release|x64.ActiveCfg = Release|iPhoneSimulator
		{38669265-4013-4032-98DB-144CA3132C9D}.Release|x86.ActiveCfg = Release|iPhoneSimulator
		{CF800807-C379-49DD-AAE3-6AC296D42856}.Ad-Hoc|Any CPU.ActiveCfg = Debug|x86
		{CF800807-C379-49DD-AAE3-6AC296D42856}.Ad-Hoc|Any CPU.Build.0 = Debug|x86
		{CF800807-C379-49DD-AAE3-6AC296D42856}.Ad-Hoc|Any CPU.Deploy.0 = Debug|x86
		{CF800807-C379-49DD-AAE3-6AC296D42856}.Ad-Hoc|ARM.ActiveCfg = Debug|ARM
		{CF800807-C379-49DD-AAE3-6AC296D42856}.Ad-Hoc|ARM.Build.0 = Debug|ARM
		{CF800807-C379-49DD-AAE3-6AC296D42856}.Ad-Hoc|ARM.Deploy.0 = Debug|ARM
		{CF800807-C379-49DD-AAE3-6AC296D42856}.Ad-Hoc|ARM64.ActiveCfg = Debug|ARM64
		{CF800807-C379-49DD-AAE3-6AC296D42856}.Ad-Hoc|ARM64.Build.0 = Debug|ARM64
		{CF800807-C379-49DD-AAE3-6AC296D42856}.Ad-Hoc|ARM64.Deploy.0 = Debug|ARM64
		{CF800807-C379-49DD-AAE3-6AC296D42856}.Ad-Hoc|iPhone.ActiveCfg = Debug|x86
		{CF800807-C379-49DD-AAE3-6AC296D42856}.Ad-Hoc|iPhone.Build.0 = Debug|x86
		{CF800807-C379-49DD-AAE3-6AC296D42856}.Ad-Hoc|iPhone.Deploy.0 = Debug|x86
		{CF800807-C379-49DD-AAE3-6AC296D42856}.Ad-Hoc|iPhoneSimulator.ActiveCfg = Debug|x86
		{CF800807-C379-49DD-AAE3-6AC296D42856}.Ad-Hoc|iPhoneSimulator.Build.0 = Debug|x86
		{CF800807-C379-49DD-AAE3-6AC296D42856}.Ad-Hoc|iPhoneSimulator.Deploy.0 = Debug|x86
		{CF800807-C379-49DD-AAE3-6AC296D42856}.Ad-Hoc|x64.ActiveCfg = Debug|x64
		{CF800807-C379-49DD-AAE3-6AC296D42856}.Ad-Hoc|x64.Build.0 = Debug|x64
		{CF800807-C379-49DD-AAE3-6AC296D42856}.Ad-Hoc|x64.Deploy.0 = Debug|x64
		{CF800807-C379-49DD-AAE3-6AC296D42856}.Ad-Hoc|x86.ActiveCfg = Debug|x86
		{CF800807-C379-49DD-AAE3-6AC296D42856}.Ad-Hoc|x86.Build.0 = Debug|x86
		{CF800807-C379-49DD-AAE3-6AC296D42856}.Ad-Hoc|x86.Deploy.0 = Debug|x86
		{CF800807-C379-49DD-AAE3-6AC296D42856}.AppStore|Any CPU.ActiveCfg = Debug|x86
		{CF800807-C379-49DD-AAE3-6AC296D42856}.AppStore|Any CPU.Build.0 = Debug|x86
		{CF800807-C379-49DD-AAE3-6AC296D42856}.AppStore|Any CPU.Deploy.0 = Debug|x86
		{CF800807-C379-49DD-AAE3-6AC296D42856}.AppStore|ARM.ActiveCfg = Debug|ARM
		{CF800807-C379-49DD-AAE3-6AC296D42856}.AppStore|ARM.Build.0 = Debug|ARM
		{CF800807-C379-49DD-AAE3-6AC296D42856}.AppStore|ARM.Deploy.0 = Debug|ARM
		{CF800807-C379-49DD-AAE3-6AC296D42856}.AppStore|ARM64.ActiveCfg = Debug|ARM64
		{CF800807-C379-49DD-AAE3-6AC296D42856}.AppStore|ARM64.Build.0 = Debug|ARM64
		{CF800807-C379-49DD-AAE3-6AC296D42856}.AppStore|ARM64.Deploy.0 = Debug|ARM64
		{CF800807-C379-49DD-AAE3-6AC296D42856}.AppStore|iPhone.ActiveCfg = Debug|x86
		{CF800807-C379-49DD-AAE3-6AC296D42856}.AppStore|iPhone.Build.0 = Debug|x86
		{CF800807-C379-49DD-AAE3-6AC296D42856}.AppStore|iPhone.Deploy.0 = Debug|x86
		{CF800807-C379-49DD-AAE3-6AC296D42856}.AppStore|iPhoneSimulator.ActiveCfg = Debug|x86
		{CF800807-C379-49DD-AAE3-6AC296D42856}.AppStore|iPhoneSimulator.Build.0 = Debug|x86
		{CF800807-C379-49DD-AAE3-6AC296D42856}.AppStore|iPhoneSimulator.Deploy.0 = Debug|x86
		{CF800807-C379-49DD-AAE3-6AC296D42856}.AppStore|x64.ActiveCfg = Debug|x64
		{CF800807-C379-49DD-AAE3-6AC296D42856}.AppStore|x64.Build.0 = Debug|x64
		{CF800807-C379-49DD-AAE3-6AC296D42856}.AppStore|x64.Deploy.0 = Debug|x64
		{CF800807-C379-49DD-AAE3-6AC296D42856}.AppStore|x86.ActiveCfg = Debug|x86
		{CF800807-C379-49DD-AAE3-6AC296D42856}.AppStore|x86.Build.0 = Debug|x86
		{CF800807-C379-49DD-AAE3-6AC296D42856}.AppStore|x86.Deploy.0 = Debug|x86
		{CF800807-C379-49DD-AAE3-6AC296D42856}.Debug|Any CPU.ActiveCfg = Debug|x86
		{CF800807-C379-49DD-AAE3-6AC296D42856}.Debug|Any CPU.Build.0 = Debug|x86
		{CF800807-C379-49DD-AAE3-6AC296D42856}.Debug|Any CPU.Deploy.0 = Debug|x86
		{CF800807-C379-49DD-AAE3-6AC296D42856}.Debug|ARM.ActiveCfg = Debug|ARM
		{CF800807-C379-49DD-AAE3-6AC296D42856}.Debug|ARM.Build.0 = Debug|ARM
		{CF800807-C379-49DD-AAE3-6AC296D42856}.Debug|ARM.Deploy.0 = Debug|ARM
		{CF800807-C379-49DD-AAE3-6AC296D42856}.Debug|ARM64.ActiveCfg = Debug|ARM64
		{CF800807-C379-49DD-AAE3-6AC296D42856}.Debug|ARM64.Build.0 = Debug|ARM64
		{CF800807-C379-49DD-AAE3-6AC296D42856}.Debug|ARM64.Deploy.0 = Debug|ARM64
		{CF800807-C379-49DD-AAE3-6AC296D42856}.Debug|iPhone.ActiveCfg = Debug|x86
		{CF800807-C379-49DD-AAE3-6AC296D42856}.Debug|iPhoneSimulator.ActiveCfg = Debug|x86
		{CF800807-C379-49DD-AAE3-6AC296D42856}.Debug|x64.ActiveCfg = Debug|x64
		{CF800807-C379-49DD-AAE3-6AC296D42856}.Debug|x64.Build.0 = Debug|x64
		{CF800807-C379-49DD-AAE3-6AC296D42856}.Debug|x64.Deploy.0 = Debug|x64
		{CF800807-C379-49DD-AAE3-6AC296D42856}.Debug|x86.ActiveCfg = Debug|x86
		{CF800807-C379-49DD-AAE3-6AC296D42856}.Debug|x86.Build.0 = Debug|x86
		{CF800807-C379-49DD-AAE3-6AC296D42856}.Debug|x86.Deploy.0 = Debug|x86
		{CF800807-C379-49DD-AAE3-6AC296D42856}.Release|Any CPU.ActiveCfg = Release|x86
		{CF800807-C379-49DD-AAE3-6AC296D42856}.Release|ARM.ActiveCfg = Release|ARM
		{CF800807-C379-49DD-AAE3-6AC296D42856}.Release|ARM.Build.0 = Release|ARM
		{CF800807-C379-49DD-AAE3-6AC296D42856}.Release|ARM.Deploy.0 = Release|ARM
		{CF800807-C379-49DD-AAE3-6AC296D42856}.Release|ARM64.ActiveCfg = Release|ARM64
		{CF800807-C379-49DD-AAE3-6AC296D42856}.Release|ARM64.Build.0 = Release|ARM64
		{CF800807-C379-49DD-AAE3-6AC296D42856}.Release|ARM64.Deploy.0 = Release|ARM64
		{CF800807-C379-49DD-AAE3-6AC296D42856}.Release|iPhone.ActiveCfg = Release|x86
		{CF800807-C379-49DD-AAE3-6AC296D42856}.Release|iPhoneSimulator.ActiveCfg = Release|x86
		{CF800807-C379-49DD-AAE3-6AC296D42856}.Release|x64.ActiveCfg = Release|x64
		{CF800807-C379-49DD-AAE3-6AC296D42856}.Release|x64.Build.0 = Release|x64
		{CF800807-C379-49DD-AAE3-6AC296D42856}.Release|x64.Deploy.0 = Release|x64
		{CF800807-C379-49DD-AAE3-6AC296D42856}.Release|x86.ActiveCfg = Release|x86
		{CF800807-C379-49DD-AAE3-6AC296D42856}.Release|x86.Build.0 = Release|x86
		{CF800807-C379-49DD-AAE3-6AC296D42856}.Release|x86.Deploy.0 = Release|x86
		{D6311130-BC4B-4259-8A51-75A38BB9EF88}.Ad-Hoc|Any CPU.ActiveCfg = Debug|Any CPU
		{D6311130-BC4B-4259-8A51-75A38BB9EF88}.Ad-Hoc|Any CPU.Build.0 = Debug|Any CPU
		{D6311130-BC4B-4259-8A51-75A38BB9EF88}.Ad-Hoc|ARM.ActiveCfg = Debug|Any CPU
		{D6311130-BC4B-4259-8A51-75A38BB9EF88}.Ad-Hoc|ARM.Build.0 = Debug|Any CPU
		{D6311130-BC4B-4259-8A51-75A38BB9EF88}.Ad-Hoc|ARM64.ActiveCfg = Debug|Any CPU
		{D6311130-BC4B-4259-8A51-75A38BB9EF88}.Ad-Hoc|ARM64.Build.0 = Debug|Any CPU
		{D6311130-BC4B-4259-8A51-75A38BB9EF88}.Ad-Hoc|iPhone.ActiveCfg = Debug|Any CPU
		{D6311130-BC4B-4259-8A51-75A38BB9EF88}.Ad-Hoc|iPhone.Build.0 = Debug|Any CPU
		{D6311130-BC4B-4259-8A51-75A38BB9EF88}.Ad-Hoc|iPhoneSimulator.ActiveCfg = Debug|Any CPU
		{D6311130-BC4B-4259-8A51-75A38BB9EF88}.Ad-Hoc|iPhoneSimulator.Build.0 = Debug|Any CPU
		{D6311130-BC4B-4259-8A51-75A38BB9EF88}.Ad-Hoc|x64.ActiveCfg = Debug|Any CPU
		{D6311130-BC4B-4259-8A51-75A38BB9EF88}.Ad-Hoc|x64.Build.0 = Debug|Any CPU
		{D6311130-BC4B-4259-8A51-75A38BB9EF88}.Ad-Hoc|x86.ActiveCfg = Debug|Any CPU
		{D6311130-BC4B-4259-8A51-75A38BB9EF88}.Ad-Hoc|x86.Build.0 = Debug|Any CPU
		{D6311130-BC4B-4259-8A51-75A38BB9EF88}.AppStore|Any CPU.ActiveCfg = Debug|Any CPU
		{D6311130-BC4B-4259-8A51-75A38BB9EF88}.AppStore|Any CPU.Build.0 = Debug|Any CPU
		{D6311130-BC4B-4259-8A51-75A38BB9EF88}.AppStore|ARM.ActiveCfg = Debug|Any CPU
		{D6311130-BC4B-4259-8A51-75A38BB9EF88}.AppStore|ARM.Build.0 = Debug|Any CPU
		{D6311130-BC4B-4259-8A51-75A38BB9EF88}.AppStore|ARM64.ActiveCfg = Debug|Any CPU
		{D6311130-BC4B-4259-8A51-75A38BB9EF88}.AppStore|ARM64.Build.0 = Debug|Any CPU
		{D6311130-BC4B-4259-8A51-75A38BB9EF88}.AppStore|iPhone.ActiveCfg = Debug|Any CPU
		{D6311130-BC4B-4259-8A51-75A38BB9EF88}.AppStore|iPhone.Build.0 = Debug|Any CPU
		{D6311130-BC4B-4259-8A51-75A38BB9EF88}.AppStore|iPhoneSimulator.ActiveCfg = Debug|Any CPU
		{D6311130-BC4B-4259-8A51-75A38BB9EF88}.AppStore|iPhoneSimulator.Build.0 = Debug|Any CPU
		{D6311130-BC4B-4259-8A51-75A38BB9EF88}.AppStore|x64.ActiveCfg = Debug|Any CPU
		{D6311130-BC4B-4259-8A51-75A38BB9EF88}.AppStore|x64.Build.0 = Debug|Any CPU
		{D6311130-BC4B-4259-8A51-75A38BB9EF88}.AppStore|x86.ActiveCfg = Debug|Any CPU
		{D6311130-BC4B-4259-8A51-75A38BB9EF88}.AppStore|x86.Build.0 = Debug|Any CPU
		{D6311130-BC4B-4259-8A51-75A38BB9EF88}.Debug|Any CPU.ActiveCfg = Debug|Any CPU
		{D6311130-BC4B-4259-8A51-75A38BB9EF88}.Debug|Any CPU.Build.0 = Debug|Any CPU
		{D6311130-BC4B-4259-8A51-75A38BB9EF88}.Debug|ARM.ActiveCfg = Debug|Any CPU
		{D6311130-BC4B-4259-8A51-75A38BB9EF88}.Debug|ARM.Build.0 = Debug|Any CPU
		{D6311130-BC4B-4259-8A51-75A38BB9EF88}.Debug|ARM64.ActiveCfg = Debug|Any CPU
		{D6311130-BC4B-4259-8A51-75A38BB9EF88}.Debug|ARM64.Build.0 = Debug|Any CPU
		{D6311130-BC4B-4259-8A51-75A38BB9EF88}.Debug|iPhone.ActiveCfg = Debug|Any CPU
		{D6311130-BC4B-4259-8A51-75A38BB9EF88}.Debug|iPhone.Build.0 = Debug|Any CPU
		{D6311130-BC4B-4259-8A51-75A38BB9EF88}.Debug|iPhoneSimulator.ActiveCfg = Debug|Any CPU
		{D6311130-BC4B-4259-8A51-75A38BB9EF88}.Debug|iPhoneSimulator.Build.0 = Debug|Any CPU
		{D6311130-BC4B-4259-8A51-75A38BB9EF88}.Debug|x64.ActiveCfg = Debug|Any CPU
		{D6311130-BC4B-4259-8A51-75A38BB9EF88}.Debug|x64.Build.0 = Debug|Any CPU
		{D6311130-BC4B-4259-8A51-75A38BB9EF88}.Debug|x86.ActiveCfg = Debug|Any CPU
		{D6311130-BC4B-4259-8A51-75A38BB9EF88}.Debug|x86.Build.0 = Debug|Any CPU
		{D6311130-BC4B-4259-8A51-75A38BB9EF88}.Release|Any CPU.ActiveCfg = Release|Any CPU
		{D6311130-BC4B-4259-8A51-75A38BB9EF88}.Release|Any CPU.Build.0 = Release|Any CPU
		{D6311130-BC4B-4259-8A51-75A38BB9EF88}.Release|ARM.ActiveCfg = Release|Any CPU
		{D6311130-BC4B-4259-8A51-75A38BB9EF88}.Release|ARM.Build.0 = Release|Any CPU
		{D6311130-BC4B-4259-8A51-75A38BB9EF88}.Release|ARM64.ActiveCfg = Release|Any CPU
		{D6311130-BC4B-4259-8A51-75A38BB9EF88}.Release|ARM64.Build.0 = Release|Any CPU
		{D6311130-BC4B-4259-8A51-75A38BB9EF88}.Release|iPhone.ActiveCfg = Release|Any CPU
		{D6311130-BC4B-4259-8A51-75A38BB9EF88}.Release|iPhone.Build.0 = Release|Any CPU
		{D6311130-BC4B-4259-8A51-75A38BB9EF88}.Release|iPhoneSimulator.ActiveCfg = Release|Any CPU
		{D6311130-BC4B-4259-8A51-75A38BB9EF88}.Release|iPhoneSimulator.Build.0 = Release|Any CPU
		{D6311130-BC4B-4259-8A51-75A38BB9EF88}.Release|x64.ActiveCfg = Release|Any CPU
		{D6311130-BC4B-4259-8A51-75A38BB9EF88}.Release|x64.Build.0 = Release|Any CPU
		{D6311130-BC4B-4259-8A51-75A38BB9EF88}.Release|x86.ActiveCfg = Release|Any CPU
		{D6311130-BC4B-4259-8A51-75A38BB9EF88}.Release|x86.Build.0 = Release|Any CPU
		{B70111F0-98F5-4AE2-BC2B-037C50573BB5}.Ad-Hoc|Any CPU.ActiveCfg = Debug|iPhoneSimulator
		{B70111F0-98F5-4AE2-BC2B-037C50573BB5}.Ad-Hoc|Any CPU.Build.0 = Debug|iPhoneSimulator
		{B70111F0-98F5-4AE2-BC2B-037C50573BB5}.Ad-Hoc|ARM.ActiveCfg = Debug|iPhoneSimulator
		{B70111F0-98F5-4AE2-BC2B-037C50573BB5}.Ad-Hoc|ARM.Build.0 = Debug|iPhoneSimulator
		{B70111F0-98F5-4AE2-BC2B-037C50573BB5}.Ad-Hoc|ARM64.ActiveCfg = Debug|iPhoneSimulator
		{B70111F0-98F5-4AE2-BC2B-037C50573BB5}.Ad-Hoc|ARM64.Build.0 = Debug|iPhoneSimulator
		{B70111F0-98F5-4AE2-BC2B-037C50573BB5}.Ad-Hoc|iPhone.ActiveCfg = Debug|iPhoneSimulator
		{B70111F0-98F5-4AE2-BC2B-037C50573BB5}.Ad-Hoc|iPhone.Build.0 = Debug|iPhoneSimulator
		{B70111F0-98F5-4AE2-BC2B-037C50573BB5}.Ad-Hoc|iPhoneSimulator.ActiveCfg = Debug|iPhoneSimulator
		{B70111F0-98F5-4AE2-BC2B-037C50573BB5}.Ad-Hoc|iPhoneSimulator.Build.0 = Debug|iPhoneSimulator
		{B70111F0-98F5-4AE2-BC2B-037C50573BB5}.Ad-Hoc|x64.ActiveCfg = Debug|iPhoneSimulator
		{B70111F0-98F5-4AE2-BC2B-037C50573BB5}.Ad-Hoc|x64.Build.0 = Debug|iPhoneSimulator
		{B70111F0-98F5-4AE2-BC2B-037C50573BB5}.Ad-Hoc|x86.ActiveCfg = Debug|iPhoneSimulator
		{B70111F0-98F5-4AE2-BC2B-037C50573BB5}.Ad-Hoc|x86.Build.0 = Debug|iPhoneSimulator
		{B70111F0-98F5-4AE2-BC2B-037C50573BB5}.AppStore|Any CPU.ActiveCfg = Debug|iPhoneSimulator
		{B70111F0-98F5-4AE2-BC2B-037C50573BB5}.AppStore|Any CPU.Build.0 = Debug|iPhoneSimulator
		{B70111F0-98F5-4AE2-BC2B-037C50573BB5}.AppStore|ARM.ActiveCfg = Debug|iPhoneSimulator
		{B70111F0-98F5-4AE2-BC2B-037C50573BB5}.AppStore|ARM.Build.0 = Debug|iPhoneSimulator
		{B70111F0-98F5-4AE2-BC2B-037C50573BB5}.AppStore|ARM64.ActiveCfg = Debug|iPhoneSimulator
		{B70111F0-98F5-4AE2-BC2B-037C50573BB5}.AppStore|ARM64.Build.0 = Debug|iPhoneSimulator
		{B70111F0-98F5-4AE2-BC2B-037C50573BB5}.AppStore|iPhone.ActiveCfg = Debug|iPhoneSimulator
		{B70111F0-98F5-4AE2-BC2B-037C50573BB5}.AppStore|iPhone.Build.0 = Debug|iPhoneSimulator
		{B70111F0-98F5-4AE2-BC2B-037C50573BB5}.AppStore|iPhoneSimulator.ActiveCfg = Debug|iPhoneSimulator
		{B70111F0-98F5-4AE2-BC2B-037C50573BB5}.AppStore|iPhoneSimulator.Build.0 = Debug|iPhoneSimulator
		{B70111F0-98F5-4AE2-BC2B-037C50573BB5}.AppStore|x64.ActiveCfg = Debug|iPhoneSimulator
		{B70111F0-98F5-4AE2-BC2B-037C50573BB5}.AppStore|x64.Build.0 = Debug|iPhoneSimulator
		{B70111F0-98F5-4AE2-BC2B-037C50573BB5}.AppStore|x86.ActiveCfg = Debug|iPhoneSimulator
		{B70111F0-98F5-4AE2-BC2B-037C50573BB5}.AppStore|x86.Build.0 = Debug|iPhoneSimulator
		{B70111F0-98F5-4AE2-BC2B-037C50573BB5}.Debug|Any CPU.ActiveCfg = Debug|iPhoneSimulator
		{B70111F0-98F5-4AE2-BC2B-037C50573BB5}.Debug|ARM.ActiveCfg = Debug|iPhoneSimulator
		{B70111F0-98F5-4AE2-BC2B-037C50573BB5}.Debug|ARM64.ActiveCfg = Debug|iPhoneSimulator
		{B70111F0-98F5-4AE2-BC2B-037C50573BB5}.Debug|iPhone.ActiveCfg = Debug|iPhoneSimulator
		{B70111F0-98F5-4AE2-BC2B-037C50573BB5}.Debug|iPhoneSimulator.ActiveCfg = Debug|iPhoneSimulator
		{B70111F0-98F5-4AE2-BC2B-037C50573BB5}.Debug|iPhoneSimulator.Build.0 = Debug|iPhoneSimulator
		{B70111F0-98F5-4AE2-BC2B-037C50573BB5}.Debug|x64.ActiveCfg = Debug|iPhoneSimulator
		{B70111F0-98F5-4AE2-BC2B-037C50573BB5}.Debug|x86.ActiveCfg = Debug|iPhoneSimulator
		{B70111F0-98F5-4AE2-BC2B-037C50573BB5}.Release|Any CPU.ActiveCfg = Release|iPhoneSimulator
		{B70111F0-98F5-4AE2-BC2B-037C50573BB5}.Release|ARM.ActiveCfg = Release|iPhoneSimulator
		{B70111F0-98F5-4AE2-BC2B-037C50573BB5}.Release|ARM64.ActiveCfg = Release|iPhoneSimulator
		{B70111F0-98F5-4AE2-BC2B-037C50573BB5}.Release|iPhone.ActiveCfg = Release|iPhoneSimulator
		{B70111F0-98F5-4AE2-BC2B-037C50573BB5}.Release|iPhoneSimulator.ActiveCfg = Release|iPhoneSimulator
		{B70111F0-98F5-4AE2-BC2B-037C50573BB5}.Release|iPhoneSimulator.Build.0 = Release|iPhoneSimulator
		{B70111F0-98F5-4AE2-BC2B-037C50573BB5}.Release|x64.ActiveCfg = Release|iPhoneSimulator
		{B70111F0-98F5-4AE2-BC2B-037C50573BB5}.Release|x86.ActiveCfg = Release|iPhoneSimulator
		{9A627D5C-6806-4424-8730-58CBCFFF4E1B}.Ad-Hoc|Any CPU.ActiveCfg = Debug|Any CPU
		{9A627D5C-6806-4424-8730-58CBCFFF4E1B}.Ad-Hoc|Any CPU.Build.0 = Debug|Any CPU
		{9A627D5C-6806-4424-8730-58CBCFFF4E1B}.Ad-Hoc|ARM.ActiveCfg = Debug|Any CPU
		{9A627D5C-6806-4424-8730-58CBCFFF4E1B}.Ad-Hoc|ARM.Build.0 = Debug|Any CPU
		{9A627D5C-6806-4424-8730-58CBCFFF4E1B}.Ad-Hoc|ARM64.ActiveCfg = Debug|Any CPU
		{9A627D5C-6806-4424-8730-58CBCFFF4E1B}.Ad-Hoc|ARM64.Build.0 = Debug|Any CPU
		{9A627D5C-6806-4424-8730-58CBCFFF4E1B}.Ad-Hoc|iPhone.ActiveCfg = Debug|Any CPU
		{9A627D5C-6806-4424-8730-58CBCFFF4E1B}.Ad-Hoc|iPhone.Build.0 = Debug|Any CPU
		{9A627D5C-6806-4424-8730-58CBCFFF4E1B}.Ad-Hoc|iPhoneSimulator.ActiveCfg = Debug|Any CPU
		{9A627D5C-6806-4424-8730-58CBCFFF4E1B}.Ad-Hoc|iPhoneSimulator.Build.0 = Debug|Any CPU
		{9A627D5C-6806-4424-8730-58CBCFFF4E1B}.Ad-Hoc|x64.ActiveCfg = Debug|Any CPU
		{9A627D5C-6806-4424-8730-58CBCFFF4E1B}.Ad-Hoc|x64.Build.0 = Debug|Any CPU
		{9A627D5C-6806-4424-8730-58CBCFFF4E1B}.Ad-Hoc|x86.ActiveCfg = Debug|Any CPU
		{9A627D5C-6806-4424-8730-58CBCFFF4E1B}.Ad-Hoc|x86.Build.0 = Debug|Any CPU
		{9A627D5C-6806-4424-8730-58CBCFFF4E1B}.AppStore|Any CPU.ActiveCfg = Debug|Any CPU
		{9A627D5C-6806-4424-8730-58CBCFFF4E1B}.AppStore|Any CPU.Build.0 = Debug|Any CPU
		{9A627D5C-6806-4424-8730-58CBCFFF4E1B}.AppStore|ARM.ActiveCfg = Debug|Any CPU
		{9A627D5C-6806-4424-8730-58CBCFFF4E1B}.AppStore|ARM.Build.0 = Debug|Any CPU
		{9A627D5C-6806-4424-8730-58CBCFFF4E1B}.AppStore|ARM64.ActiveCfg = Debug|Any CPU
		{9A627D5C-6806-4424-8730-58CBCFFF4E1B}.AppStore|ARM64.Build.0 = Debug|Any CPU
		{9A627D5C-6806-4424-8730-58CBCFFF4E1B}.AppStore|iPhone.ActiveCfg = Debug|Any CPU
		{9A627D5C-6806-4424-8730-58CBCFFF4E1B}.AppStore|iPhone.Build.0 = Debug|Any CPU
		{9A627D5C-6806-4424-8730-58CBCFFF4E1B}.AppStore|iPhoneSimulator.ActiveCfg = Debug|Any CPU
		{9A627D5C-6806-4424-8730-58CBCFFF4E1B}.AppStore|iPhoneSimulator.Build.0 = Debug|Any CPU
		{9A627D5C-6806-4424-8730-58CBCFFF4E1B}.AppStore|x64.ActiveCfg = Debug|Any CPU
		{9A627D5C-6806-4424-8730-58CBCFFF4E1B}.AppStore|x64.Build.0 = Debug|Any CPU
		{9A627D5C-6806-4424-8730-58CBCFFF4E1B}.AppStore|x86.ActiveCfg = Debug|Any CPU
		{9A627D5C-6806-4424-8730-58CBCFFF4E1B}.AppStore|x86.Build.0 = Debug|Any CPU
		{9A627D5C-6806-4424-8730-58CBCFFF4E1B}.Debug|Any CPU.ActiveCfg = Debug|Any CPU
		{9A627D5C-6806-4424-8730-58CBCFFF4E1B}.Debug|Any CPU.Build.0 = Debug|Any CPU
		{9A627D5C-6806-4424-8730-58CBCFFF4E1B}.Debug|ARM.ActiveCfg = Debug|Any CPU
		{9A627D5C-6806-4424-8730-58CBCFFF4E1B}.Debug|ARM.Build.0 = Debug|Any CPU
		{9A627D5C-6806-4424-8730-58CBCFFF4E1B}.Debug|ARM64.ActiveCfg = Debug|Any CPU
		{9A627D5C-6806-4424-8730-58CBCFFF4E1B}.Debug|ARM64.Build.0 = Debug|Any CPU
		{9A627D5C-6806-4424-8730-58CBCFFF4E1B}.Debug|iPhone.ActiveCfg = Debug|Any CPU
		{9A627D5C-6806-4424-8730-58CBCFFF4E1B}.Debug|iPhone.Build.0 = Debug|Any CPU
		{9A627D5C-6806-4424-8730-58CBCFFF4E1B}.Debug|iPhoneSimulator.ActiveCfg = Debug|Any CPU
		{9A627D5C-6806-4424-8730-58CBCFFF4E1B}.Debug|iPhoneSimulator.Build.0 = Debug|Any CPU
		{9A627D5C-6806-4424-8730-58CBCFFF4E1B}.Debug|x64.ActiveCfg = Debug|Any CPU
		{9A627D5C-6806-4424-8730-58CBCFFF4E1B}.Debug|x64.Build.0 = Debug|Any CPU
		{9A627D5C-6806-4424-8730-58CBCFFF4E1B}.Debug|x86.ActiveCfg = Debug|Any CPU
		{9A627D5C-6806-4424-8730-58CBCFFF4E1B}.Debug|x86.Build.0 = Debug|Any CPU
		{9A627D5C-6806-4424-8730-58CBCFFF4E1B}.Release|Any CPU.ActiveCfg = Release|Any CPU
		{9A627D5C-6806-4424-8730-58CBCFFF4E1B}.Release|Any CPU.Build.0 = Release|Any CPU
		{9A627D5C-6806-4424-8730-58CBCFFF4E1B}.Release|ARM.ActiveCfg = Release|Any CPU
		{9A627D5C-6806-4424-8730-58CBCFFF4E1B}.Release|ARM.Build.0 = Release|Any CPU
		{9A627D5C-6806-4424-8730-58CBCFFF4E1B}.Release|ARM64.ActiveCfg = Release|Any CPU
		{9A627D5C-6806-4424-8730-58CBCFFF4E1B}.Release|ARM64.Build.0 = Release|Any CPU
		{9A627D5C-6806-4424-8730-58CBCFFF4E1B}.Release|iPhone.ActiveCfg = Release|Any CPU
		{9A627D5C-6806-4424-8730-58CBCFFF4E1B}.Release|iPhone.Build.0 = Release|Any CPU
		{9A627D5C-6806-4424-8730-58CBCFFF4E1B}.Release|iPhoneSimulator.ActiveCfg = Release|Any CPU
		{9A627D5C-6806-4424-8730-58CBCFFF4E1B}.Release|iPhoneSimulator.Build.0 = Release|Any CPU
		{9A627D5C-6806-4424-8730-58CBCFFF4E1B}.Release|x64.ActiveCfg = Release|Any CPU
		{9A627D5C-6806-4424-8730-58CBCFFF4E1B}.Release|x64.Build.0 = Release|Any CPU
		{9A627D5C-6806-4424-8730-58CBCFFF4E1B}.Release|x86.ActiveCfg = Release|Any CPU
		{9A627D5C-6806-4424-8730-58CBCFFF4E1B}.Release|x86.Build.0 = Release|Any CPU
		{866A48CA-CCB9-4B5F-8D7A-E8F72DB11F77}.Ad-Hoc|Any CPU.ActiveCfg = Debug|Any CPU
		{866A48CA-CCB9-4B5F-8D7A-E8F72DB11F77}.Ad-Hoc|Any CPU.Build.0 = Debug|Any CPU
		{866A48CA-CCB9-4B5F-8D7A-E8F72DB11F77}.Ad-Hoc|ARM.ActiveCfg = Debug|Any CPU
		{866A48CA-CCB9-4B5F-8D7A-E8F72DB11F77}.Ad-Hoc|ARM.Build.0 = Debug|Any CPU
		{866A48CA-CCB9-4B5F-8D7A-E8F72DB11F77}.Ad-Hoc|ARM64.ActiveCfg = Debug|Any CPU
		{866A48CA-CCB9-4B5F-8D7A-E8F72DB11F77}.Ad-Hoc|ARM64.Build.0 = Debug|Any CPU
		{866A48CA-CCB9-4B5F-8D7A-E8F72DB11F77}.Ad-Hoc|iPhone.ActiveCfg = Debug|Any CPU
		{866A48CA-CCB9-4B5F-8D7A-E8F72DB11F77}.Ad-Hoc|iPhone.Build.0 = Debug|Any CPU
		{866A48CA-CCB9-4B5F-8D7A-E8F72DB11F77}.Ad-Hoc|iPhoneSimulator.ActiveCfg = Debug|Any CPU
		{866A48CA-CCB9-4B5F-8D7A-E8F72DB11F77}.Ad-Hoc|iPhoneSimulator.Build.0 = Debug|Any CPU
		{866A48CA-CCB9-4B5F-8D7A-E8F72DB11F77}.Ad-Hoc|x64.ActiveCfg = Debug|Any CPU
		{866A48CA-CCB9-4B5F-8D7A-E8F72DB11F77}.Ad-Hoc|x64.Build.0 = Debug|Any CPU
		{866A48CA-CCB9-4B5F-8D7A-E8F72DB11F77}.Ad-Hoc|x86.ActiveCfg = Debug|Any CPU
		{866A48CA-CCB9-4B5F-8D7A-E8F72DB11F77}.Ad-Hoc|x86.Build.0 = Debug|Any CPU
		{866A48CA-CCB9-4B5F-8D7A-E8F72DB11F77}.AppStore|Any CPU.ActiveCfg = Debug|Any CPU
		{866A48CA-CCB9-4B5F-8D7A-E8F72DB11F77}.AppStore|Any CPU.Build.0 = Debug|Any CPU
		{866A48CA-CCB9-4B5F-8D7A-E8F72DB11F77}.AppStore|ARM.ActiveCfg = Debug|Any CPU
		{866A48CA-CCB9-4B5F-8D7A-E8F72DB11F77}.AppStore|ARM.Build.0 = Debug|Any CPU
		{866A48CA-CCB9-4B5F-8D7A-E8F72DB11F77}.AppStore|ARM64.ActiveCfg = Debug|Any CPU
		{866A48CA-CCB9-4B5F-8D7A-E8F72DB11F77}.AppStore|ARM64.Build.0 = Debug|Any CPU
		{866A48CA-CCB9-4B5F-8D7A-E8F72DB11F77}.AppStore|iPhone.ActiveCfg = Debug|Any CPU
		{866A48CA-CCB9-4B5F-8D7A-E8F72DB11F77}.AppStore|iPhone.Build.0 = Debug|Any CPU
		{866A48CA-CCB9-4B5F-8D7A-E8F72DB11F77}.AppStore|iPhoneSimulator.ActiveCfg = Debug|Any CPU
		{866A48CA-CCB9-4B5F-8D7A-E8F72DB11F77}.AppStore|iPhoneSimulator.Build.0 = Debug|Any CPU
		{866A48CA-CCB9-4B5F-8D7A-E8F72DB11F77}.AppStore|x64.ActiveCfg = Debug|Any CPU
		{866A48CA-CCB9-4B5F-8D7A-E8F72DB11F77}.AppStore|x64.Build.0 = Debug|Any CPU
		{866A48CA-CCB9-4B5F-8D7A-E8F72DB11F77}.AppStore|x86.ActiveCfg = Debug|Any CPU
		{866A48CA-CCB9-4B5F-8D7A-E8F72DB11F77}.AppStore|x86.Build.0 = Debug|Any CPU
		{866A48CA-CCB9-4B5F-8D7A-E8F72DB11F77}.Debug|Any CPU.ActiveCfg = Debug|Any CPU
		{866A48CA-CCB9-4B5F-8D7A-E8F72DB11F77}.Debug|Any CPU.Build.0 = Debug|Any CPU
		{866A48CA-CCB9-4B5F-8D7A-E8F72DB11F77}.Debug|ARM.ActiveCfg = Debug|Any CPU
		{866A48CA-CCB9-4B5F-8D7A-E8F72DB11F77}.Debug|ARM.Build.0 = Debug|Any CPU
		{866A48CA-CCB9-4B5F-8D7A-E8F72DB11F77}.Debug|ARM64.ActiveCfg = Debug|Any CPU
		{866A48CA-CCB9-4B5F-8D7A-E8F72DB11F77}.Debug|ARM64.Build.0 = Debug|Any CPU
		{866A48CA-CCB9-4B5F-8D7A-E8F72DB11F77}.Debug|iPhone.ActiveCfg = Debug|Any CPU
		{866A48CA-CCB9-4B5F-8D7A-E8F72DB11F77}.Debug|iPhone.Build.0 = Debug|Any CPU
		{866A48CA-CCB9-4B5F-8D7A-E8F72DB11F77}.Debug|iPhoneSimulator.ActiveCfg = Debug|Any CPU
		{866A48CA-CCB9-4B5F-8D7A-E8F72DB11F77}.Debug|iPhoneSimulator.Build.0 = Debug|Any CPU
		{866A48CA-CCB9-4B5F-8D7A-E8F72DB11F77}.Debug|x64.ActiveCfg = Debug|Any CPU
		{866A48CA-CCB9-4B5F-8D7A-E8F72DB11F77}.Debug|x64.Build.0 = Debug|Any CPU
		{866A48CA-CCB9-4B5F-8D7A-E8F72DB11F77}.Debug|x86.ActiveCfg = Debug|Any CPU
		{866A48CA-CCB9-4B5F-8D7A-E8F72DB11F77}.Debug|x86.Build.0 = Debug|Any CPU
		{866A48CA-CCB9-4B5F-8D7A-E8F72DB11F77}.Release|Any CPU.ActiveCfg = Release|Any CPU
		{866A48CA-CCB9-4B5F-8D7A-E8F72DB11F77}.Release|Any CPU.Build.0 = Release|Any CPU
		{866A48CA-CCB9-4B5F-8D7A-E8F72DB11F77}.Release|ARM.ActiveCfg = Release|Any CPU
		{866A48CA-CCB9-4B5F-8D7A-E8F72DB11F77}.Release|ARM.Build.0 = Release|Any CPU
		{866A48CA-CCB9-4B5F-8D7A-E8F72DB11F77}.Release|ARM64.ActiveCfg = Release|Any CPU
		{866A48CA-CCB9-4B5F-8D7A-E8F72DB11F77}.Release|ARM64.Build.0 = Release|Any CPU
		{866A48CA-CCB9-4B5F-8D7A-E8F72DB11F77}.Release|iPhone.ActiveCfg = Release|Any CPU
		{866A48CA-CCB9-4B5F-8D7A-E8F72DB11F77}.Release|iPhone.Build.0 = Release|Any CPU
		{866A48CA-CCB9-4B5F-8D7A-E8F72DB11F77}.Release|iPhoneSimulator.ActiveCfg = Release|Any CPU
		{866A48CA-CCB9-4B5F-8D7A-E8F72DB11F77}.Release|iPhoneSimulator.Build.0 = Release|Any CPU
		{866A48CA-CCB9-4B5F-8D7A-E8F72DB11F77}.Release|x64.ActiveCfg = Release|Any CPU
		{866A48CA-CCB9-4B5F-8D7A-E8F72DB11F77}.Release|x64.Build.0 = Release|Any CPU
		{866A48CA-CCB9-4B5F-8D7A-E8F72DB11F77}.Release|x86.ActiveCfg = Release|Any CPU
		{866A48CA-CCB9-4B5F-8D7A-E8F72DB11F77}.Release|x86.Build.0 = Release|Any CPU
		{24730A51-E6EE-43BE-9E48-769831BF2FF3}.Ad-Hoc|Any CPU.ActiveCfg = Debug|Any CPU
		{24730A51-E6EE-43BE-9E48-769831BF2FF3}.Ad-Hoc|Any CPU.Build.0 = Debug|Any CPU
		{24730A51-E6EE-43BE-9E48-769831BF2FF3}.Ad-Hoc|ARM.ActiveCfg = Debug|Any CPU
		{24730A51-E6EE-43BE-9E48-769831BF2FF3}.Ad-Hoc|ARM.Build.0 = Debug|Any CPU
		{24730A51-E6EE-43BE-9E48-769831BF2FF3}.Ad-Hoc|ARM64.ActiveCfg = Debug|Any CPU
		{24730A51-E6EE-43BE-9E48-769831BF2FF3}.Ad-Hoc|ARM64.Build.0 = Debug|Any CPU
		{24730A51-E6EE-43BE-9E48-769831BF2FF3}.Ad-Hoc|iPhone.ActiveCfg = Debug|Any CPU
		{24730A51-E6EE-43BE-9E48-769831BF2FF3}.Ad-Hoc|iPhone.Build.0 = Debug|Any CPU
		{24730A51-E6EE-43BE-9E48-769831BF2FF3}.Ad-Hoc|iPhoneSimulator.ActiveCfg = Debug|Any CPU
		{24730A51-E6EE-43BE-9E48-769831BF2FF3}.Ad-Hoc|iPhoneSimulator.Build.0 = Debug|Any CPU
		{24730A51-E6EE-43BE-9E48-769831BF2FF3}.Ad-Hoc|x64.ActiveCfg = Debug|Any CPU
		{24730A51-E6EE-43BE-9E48-769831BF2FF3}.Ad-Hoc|x64.Build.0 = Debug|Any CPU
		{24730A51-E6EE-43BE-9E48-769831BF2FF3}.Ad-Hoc|x86.ActiveCfg = Debug|Any CPU
		{24730A51-E6EE-43BE-9E48-769831BF2FF3}.Ad-Hoc|x86.Build.0 = Debug|Any CPU
		{24730A51-E6EE-43BE-9E48-769831BF2FF3}.AppStore|Any CPU.ActiveCfg = Debug|Any CPU
		{24730A51-E6EE-43BE-9E48-769831BF2FF3}.AppStore|Any CPU.Build.0 = Debug|Any CPU
		{24730A51-E6EE-43BE-9E48-769831BF2FF3}.AppStore|ARM.ActiveCfg = Debug|Any CPU
		{24730A51-E6EE-43BE-9E48-769831BF2FF3}.AppStore|ARM.Build.0 = Debug|Any CPU
		{24730A51-E6EE-43BE-9E48-769831BF2FF3}.AppStore|ARM64.ActiveCfg = Debug|Any CPU
		{24730A51-E6EE-43BE-9E48-769831BF2FF3}.AppStore|ARM64.Build.0 = Debug|Any CPU
		{24730A51-E6EE-43BE-9E48-769831BF2FF3}.AppStore|iPhone.ActiveCfg = Debug|Any CPU
		{24730A51-E6EE-43BE-9E48-769831BF2FF3}.AppStore|iPhone.Build.0 = Debug|Any CPU
		{24730A51-E6EE-43BE-9E48-769831BF2FF3}.AppStore|iPhoneSimulator.ActiveCfg = Debug|Any CPU
		{24730A51-E6EE-43BE-9E48-769831BF2FF3}.AppStore|iPhoneSimulator.Build.0 = Debug|Any CPU
		{24730A51-E6EE-43BE-9E48-769831BF2FF3}.AppStore|x64.ActiveCfg = Debug|Any CPU
		{24730A51-E6EE-43BE-9E48-769831BF2FF3}.AppStore|x64.Build.0 = Debug|Any CPU
		{24730A51-E6EE-43BE-9E48-769831BF2FF3}.AppStore|x86.ActiveCfg = Debug|Any CPU
		{24730A51-E6EE-43BE-9E48-769831BF2FF3}.AppStore|x86.Build.0 = Debug|Any CPU
		{24730A51-E6EE-43BE-9E48-769831BF2FF3}.Debug|Any CPU.ActiveCfg = Debug|Any CPU
		{24730A51-E6EE-43BE-9E48-769831BF2FF3}.Debug|Any CPU.Build.0 = Debug|Any CPU
		{24730A51-E6EE-43BE-9E48-769831BF2FF3}.Debug|ARM.ActiveCfg = Debug|Any CPU
		{24730A51-E6EE-43BE-9E48-769831BF2FF3}.Debug|ARM.Build.0 = Debug|Any CPU
		{24730A51-E6EE-43BE-9E48-769831BF2FF3}.Debug|ARM64.ActiveCfg = Debug|Any CPU
		{24730A51-E6EE-43BE-9E48-769831BF2FF3}.Debug|ARM64.Build.0 = Debug|Any CPU
		{24730A51-E6EE-43BE-9E48-769831BF2FF3}.Debug|iPhone.ActiveCfg = Debug|Any CPU
		{24730A51-E6EE-43BE-9E48-769831BF2FF3}.Debug|iPhone.Build.0 = Debug|Any CPU
		{24730A51-E6EE-43BE-9E48-769831BF2FF3}.Debug|iPhoneSimulator.ActiveCfg = Debug|Any CPU
		{24730A51-E6EE-43BE-9E48-769831BF2FF3}.Debug|iPhoneSimulator.Build.0 = Debug|Any CPU
		{24730A51-E6EE-43BE-9E48-769831BF2FF3}.Debug|x64.ActiveCfg = Debug|Any CPU
		{24730A51-E6EE-43BE-9E48-769831BF2FF3}.Debug|x64.Build.0 = Debug|Any CPU
		{24730A51-E6EE-43BE-9E48-769831BF2FF3}.Debug|x86.ActiveCfg = Debug|Any CPU
		{24730A51-E6EE-43BE-9E48-769831BF2FF3}.Debug|x86.Build.0 = Debug|Any CPU
		{24730A51-E6EE-43BE-9E48-769831BF2FF3}.Release|Any CPU.ActiveCfg = Release|Any CPU
		{24730A51-E6EE-43BE-9E48-769831BF2FF3}.Release|Any CPU.Build.0 = Release|Any CPU
		{24730A51-E6EE-43BE-9E48-769831BF2FF3}.Release|ARM.ActiveCfg = Release|Any CPU
		{24730A51-E6EE-43BE-9E48-769831BF2FF3}.Release|ARM.Build.0 = Release|Any CPU
		{24730A51-E6EE-43BE-9E48-769831BF2FF3}.Release|ARM64.ActiveCfg = Release|Any CPU
		{24730A51-E6EE-43BE-9E48-769831BF2FF3}.Release|ARM64.Build.0 = Release|Any CPU
		{24730A51-E6EE-43BE-9E48-769831BF2FF3}.Release|iPhone.ActiveCfg = Release|Any CPU
		{24730A51-E6EE-43BE-9E48-769831BF2FF3}.Release|iPhone.Build.0 = Release|Any CPU
		{24730A51-E6EE-43BE-9E48-769831BF2FF3}.Release|iPhoneSimulator.ActiveCfg = Release|Any CPU
		{24730A51-E6EE-43BE-9E48-769831BF2FF3}.Release|iPhoneSimulator.Build.0 = Release|Any CPU
		{24730A51-E6EE-43BE-9E48-769831BF2FF3}.Release|x64.ActiveCfg = Release|Any CPU
		{24730A51-E6EE-43BE-9E48-769831BF2FF3}.Release|x64.Build.0 = Release|Any CPU
		{24730A51-E6EE-43BE-9E48-769831BF2FF3}.Release|x86.ActiveCfg = Release|Any CPU
		{24730A51-E6EE-43BE-9E48-769831BF2FF3}.Release|x86.Build.0 = Release|Any CPU
		{FC03099D-68DA-4A8B-95A8-98B4F582151B}.Ad-Hoc|Any CPU.ActiveCfg = Debug|Any CPU
		{FC03099D-68DA-4A8B-95A8-98B4F582151B}.Ad-Hoc|Any CPU.Build.0 = Debug|Any CPU
		{FC03099D-68DA-4A8B-95A8-98B4F582151B}.Ad-Hoc|ARM.ActiveCfg = Debug|Any CPU
		{FC03099D-68DA-4A8B-95A8-98B4F582151B}.Ad-Hoc|ARM.Build.0 = Debug|Any CPU
		{FC03099D-68DA-4A8B-95A8-98B4F582151B}.Ad-Hoc|ARM64.ActiveCfg = Debug|Any CPU
		{FC03099D-68DA-4A8B-95A8-98B4F582151B}.Ad-Hoc|ARM64.Build.0 = Debug|Any CPU
		{FC03099D-68DA-4A8B-95A8-98B4F582151B}.Ad-Hoc|iPhone.ActiveCfg = Debug|Any CPU
		{FC03099D-68DA-4A8B-95A8-98B4F582151B}.Ad-Hoc|iPhone.Build.0 = Debug|Any CPU
		{FC03099D-68DA-4A8B-95A8-98B4F582151B}.Ad-Hoc|iPhoneSimulator.ActiveCfg = Debug|Any CPU
		{FC03099D-68DA-4A8B-95A8-98B4F582151B}.Ad-Hoc|iPhoneSimulator.Build.0 = Debug|Any CPU
		{FC03099D-68DA-4A8B-95A8-98B4F582151B}.Ad-Hoc|x64.ActiveCfg = Debug|Any CPU
		{FC03099D-68DA-4A8B-95A8-98B4F582151B}.Ad-Hoc|x64.Build.0 = Debug|Any CPU
		{FC03099D-68DA-4A8B-95A8-98B4F582151B}.Ad-Hoc|x86.ActiveCfg = Debug|Any CPU
		{FC03099D-68DA-4A8B-95A8-98B4F582151B}.Ad-Hoc|x86.Build.0 = Debug|Any CPU
		{FC03099D-68DA-4A8B-95A8-98B4F582151B}.AppStore|Any CPU.ActiveCfg = Debug|Any CPU
		{FC03099D-68DA-4A8B-95A8-98B4F582151B}.AppStore|Any CPU.Build.0 = Debug|Any CPU
		{FC03099D-68DA-4A8B-95A8-98B4F582151B}.AppStore|ARM.ActiveCfg = Debug|Any CPU
		{FC03099D-68DA-4A8B-95A8-98B4F582151B}.AppStore|ARM.Build.0 = Debug|Any CPU
		{FC03099D-68DA-4A8B-95A8-98B4F582151B}.AppStore|ARM64.ActiveCfg = Debug|Any CPU
		{FC03099D-68DA-4A8B-95A8-98B4F582151B}.AppStore|ARM64.Build.0 = Debug|Any CPU
		{FC03099D-68DA-4A8B-95A8-98B4F582151B}.AppStore|iPhone.ActiveCfg = Debug|Any CPU
		{FC03099D-68DA-4A8B-95A8-98B4F582151B}.AppStore|iPhone.Build.0 = Debug|Any CPU
		{FC03099D-68DA-4A8B-95A8-98B4F582151B}.AppStore|iPhoneSimulator.ActiveCfg = Debug|Any CPU
		{FC03099D-68DA-4A8B-95A8-98B4F582151B}.AppStore|iPhoneSimulator.Build.0 = Debug|Any CPU
		{FC03099D-68DA-4A8B-95A8-98B4F582151B}.AppStore|x64.ActiveCfg = Debug|Any CPU
		{FC03099D-68DA-4A8B-95A8-98B4F582151B}.AppStore|x64.Build.0 = Debug|Any CPU
		{FC03099D-68DA-4A8B-95A8-98B4F582151B}.AppStore|x86.ActiveCfg = Debug|Any CPU
		{FC03099D-68DA-4A8B-95A8-98B4F582151B}.AppStore|x86.Build.0 = Debug|Any CPU
		{FC03099D-68DA-4A8B-95A8-98B4F582151B}.Debug|Any CPU.ActiveCfg = Debug|Any CPU
		{FC03099D-68DA-4A8B-95A8-98B4F582151B}.Debug|Any CPU.Build.0 = Debug|Any CPU
		{FC03099D-68DA-4A8B-95A8-98B4F582151B}.Debug|ARM.ActiveCfg = Debug|Any CPU
		{FC03099D-68DA-4A8B-95A8-98B4F582151B}.Debug|ARM.Build.0 = Debug|Any CPU
		{FC03099D-68DA-4A8B-95A8-98B4F582151B}.Debug|ARM64.ActiveCfg = Debug|Any CPU
		{FC03099D-68DA-4A8B-95A8-98B4F582151B}.Debug|ARM64.Build.0 = Debug|Any CPU
		{FC03099D-68DA-4A8B-95A8-98B4F582151B}.Debug|iPhone.ActiveCfg = Debug|Any CPU
		{FC03099D-68DA-4A8B-95A8-98B4F582151B}.Debug|iPhone.Build.0 = Debug|Any CPU
		{FC03099D-68DA-4A8B-95A8-98B4F582151B}.Debug|iPhoneSimulator.ActiveCfg = Debug|Any CPU
		{FC03099D-68DA-4A8B-95A8-98B4F582151B}.Debug|iPhoneSimulator.Build.0 = Debug|Any CPU
		{FC03099D-68DA-4A8B-95A8-98B4F582151B}.Debug|x64.ActiveCfg = Debug|Any CPU
		{FC03099D-68DA-4A8B-95A8-98B4F582151B}.Debug|x64.Build.0 = Debug|Any CPU
		{FC03099D-68DA-4A8B-95A8-98B4F582151B}.Debug|x86.ActiveCfg = Debug|Any CPU
		{FC03099D-68DA-4A8B-95A8-98B4F582151B}.Debug|x86.Build.0 = Debug|Any CPU
		{FC03099D-68DA-4A8B-95A8-98B4F582151B}.Release|Any CPU.ActiveCfg = Release|Any CPU
		{FC03099D-68DA-4A8B-95A8-98B4F582151B}.Release|Any CPU.Build.0 = Release|Any CPU
		{FC03099D-68DA-4A8B-95A8-98B4F582151B}.Release|ARM.ActiveCfg = Release|Any CPU
		{FC03099D-68DA-4A8B-95A8-98B4F582151B}.Release|ARM.Build.0 = Release|Any CPU
		{FC03099D-68DA-4A8B-95A8-98B4F582151B}.Release|ARM64.ActiveCfg = Release|Any CPU
		{FC03099D-68DA-4A8B-95A8-98B4F582151B}.Release|ARM64.Build.0 = Release|Any CPU
		{FC03099D-68DA-4A8B-95A8-98B4F582151B}.Release|iPhone.ActiveCfg = Release|Any CPU
		{FC03099D-68DA-4A8B-95A8-98B4F582151B}.Release|iPhone.Build.0 = Release|Any CPU
		{FC03099D-68DA-4A8B-95A8-98B4F582151B}.Release|iPhoneSimulator.ActiveCfg = Release|Any CPU
		{FC03099D-68DA-4A8B-95A8-98B4F582151B}.Release|iPhoneSimulator.Build.0 = Release|Any CPU
		{FC03099D-68DA-4A8B-95A8-98B4F582151B}.Release|x64.ActiveCfg = Release|Any CPU
		{FC03099D-68DA-4A8B-95A8-98B4F582151B}.Release|x64.Build.0 = Release|Any CPU
		{FC03099D-68DA-4A8B-95A8-98B4F582151B}.Release|x86.ActiveCfg = Release|Any CPU
		{FC03099D-68DA-4A8B-95A8-98B4F582151B}.Release|x86.Build.0 = Release|Any CPU
		{A50416EA-D6CF-4149-B855-D2159DAB6277}.Ad-Hoc|Any CPU.ActiveCfg = Debug|Any CPU
		{A50416EA-D6CF-4149-B855-D2159DAB6277}.Ad-Hoc|Any CPU.Build.0 = Debug|Any CPU
		{A50416EA-D6CF-4149-B855-D2159DAB6277}.Ad-Hoc|ARM.ActiveCfg = Debug|Any CPU
		{A50416EA-D6CF-4149-B855-D2159DAB6277}.Ad-Hoc|ARM.Build.0 = Debug|Any CPU
		{A50416EA-D6CF-4149-B855-D2159DAB6277}.Ad-Hoc|ARM64.ActiveCfg = Debug|Any CPU
		{A50416EA-D6CF-4149-B855-D2159DAB6277}.Ad-Hoc|ARM64.Build.0 = Debug|Any CPU
		{A50416EA-D6CF-4149-B855-D2159DAB6277}.Ad-Hoc|iPhone.ActiveCfg = Debug|Any CPU
		{A50416EA-D6CF-4149-B855-D2159DAB6277}.Ad-Hoc|iPhone.Build.0 = Debug|Any CPU
		{A50416EA-D6CF-4149-B855-D2159DAB6277}.Ad-Hoc|iPhoneSimulator.ActiveCfg = Debug|Any CPU
		{A50416EA-D6CF-4149-B855-D2159DAB6277}.Ad-Hoc|iPhoneSimulator.Build.0 = Debug|Any CPU
		{A50416EA-D6CF-4149-B855-D2159DAB6277}.Ad-Hoc|x64.ActiveCfg = Debug|Any CPU
		{A50416EA-D6CF-4149-B855-D2159DAB6277}.Ad-Hoc|x64.Build.0 = Debug|Any CPU
		{A50416EA-D6CF-4149-B855-D2159DAB6277}.Ad-Hoc|x86.ActiveCfg = Debug|Any CPU
		{A50416EA-D6CF-4149-B855-D2159DAB6277}.Ad-Hoc|x86.Build.0 = Debug|Any CPU
		{A50416EA-D6CF-4149-B855-D2159DAB6277}.AppStore|Any CPU.ActiveCfg = Debug|Any CPU
		{A50416EA-D6CF-4149-B855-D2159DAB6277}.AppStore|Any CPU.Build.0 = Debug|Any CPU
		{A50416EA-D6CF-4149-B855-D2159DAB6277}.AppStore|ARM.ActiveCfg = Debug|Any CPU
		{A50416EA-D6CF-4149-B855-D2159DAB6277}.AppStore|ARM.Build.0 = Debug|Any CPU
		{A50416EA-D6CF-4149-B855-D2159DAB6277}.AppStore|ARM64.ActiveCfg = Debug|Any CPU
		{A50416EA-D6CF-4149-B855-D2159DAB6277}.AppStore|ARM64.Build.0 = Debug|Any CPU
		{A50416EA-D6CF-4149-B855-D2159DAB6277}.AppStore|iPhone.ActiveCfg = Debug|Any CPU
		{A50416EA-D6CF-4149-B855-D2159DAB6277}.AppStore|iPhone.Build.0 = Debug|Any CPU
		{A50416EA-D6CF-4149-B855-D2159DAB6277}.AppStore|iPhoneSimulator.ActiveCfg = Debug|Any CPU
		{A50416EA-D6CF-4149-B855-D2159DAB6277}.AppStore|iPhoneSimulator.Build.0 = Debug|Any CPU
		{A50416EA-D6CF-4149-B855-D2159DAB6277}.AppStore|x64.ActiveCfg = Debug|Any CPU
		{A50416EA-D6CF-4149-B855-D2159DAB6277}.AppStore|x64.Build.0 = Debug|Any CPU
		{A50416EA-D6CF-4149-B855-D2159DAB6277}.AppStore|x86.ActiveCfg = Debug|Any CPU
		{A50416EA-D6CF-4149-B855-D2159DAB6277}.AppStore|x86.Build.0 = Debug|Any CPU
		{A50416EA-D6CF-4149-B855-D2159DAB6277}.Debug|Any CPU.ActiveCfg = Debug|Any CPU
		{A50416EA-D6CF-4149-B855-D2159DAB6277}.Debug|Any CPU.Build.0 = Debug|Any CPU
		{A50416EA-D6CF-4149-B855-D2159DAB6277}.Debug|ARM.ActiveCfg = Debug|Any CPU
		{A50416EA-D6CF-4149-B855-D2159DAB6277}.Debug|ARM.Build.0 = Debug|Any CPU
		{A50416EA-D6CF-4149-B855-D2159DAB6277}.Debug|ARM64.ActiveCfg = Debug|Any CPU
		{A50416EA-D6CF-4149-B855-D2159DAB6277}.Debug|ARM64.Build.0 = Debug|Any CPU
		{A50416EA-D6CF-4149-B855-D2159DAB6277}.Debug|iPhone.ActiveCfg = Debug|Any CPU
		{A50416EA-D6CF-4149-B855-D2159DAB6277}.Debug|iPhone.Build.0 = Debug|Any CPU
		{A50416EA-D6CF-4149-B855-D2159DAB6277}.Debug|iPhoneSimulator.ActiveCfg = Debug|Any CPU
		{A50416EA-D6CF-4149-B855-D2159DAB6277}.Debug|iPhoneSimulator.Build.0 = Debug|Any CPU
		{A50416EA-D6CF-4149-B855-D2159DAB6277}.Debug|x64.ActiveCfg = Debug|Any CPU
		{A50416EA-D6CF-4149-B855-D2159DAB6277}.Debug|x64.Build.0 = Debug|Any CPU
		{A50416EA-D6CF-4149-B855-D2159DAB6277}.Debug|x86.ActiveCfg = Debug|Any CPU
		{A50416EA-D6CF-4149-B855-D2159DAB6277}.Debug|x86.Build.0 = Debug|Any CPU
		{A50416EA-D6CF-4149-B855-D2159DAB6277}.Release|Any CPU.ActiveCfg = Release|Any CPU
		{A50416EA-D6CF-4149-B855-D2159DAB6277}.Release|Any CPU.Build.0 = Release|Any CPU
		{A50416EA-D6CF-4149-B855-D2159DAB6277}.Release|ARM.ActiveCfg = Release|Any CPU
		{A50416EA-D6CF-4149-B855-D2159DAB6277}.Release|ARM.Build.0 = Release|Any CPU
		{A50416EA-D6CF-4149-B855-D2159DAB6277}.Release|ARM64.ActiveCfg = Release|Any CPU
		{A50416EA-D6CF-4149-B855-D2159DAB6277}.Release|ARM64.Build.0 = Release|Any CPU
		{A50416EA-D6CF-4149-B855-D2159DAB6277}.Release|iPhone.ActiveCfg = Release|Any CPU
		{A50416EA-D6CF-4149-B855-D2159DAB6277}.Release|iPhone.Build.0 = Release|Any CPU
		{A50416EA-D6CF-4149-B855-D2159DAB6277}.Release|iPhoneSimulator.ActiveCfg = Release|Any CPU
		{A50416EA-D6CF-4149-B855-D2159DAB6277}.Release|iPhoneSimulator.Build.0 = Release|Any CPU
		{A50416EA-D6CF-4149-B855-D2159DAB6277}.Release|x64.ActiveCfg = Release|Any CPU
		{A50416EA-D6CF-4149-B855-D2159DAB6277}.Release|x64.Build.0 = Release|Any CPU
		{A50416EA-D6CF-4149-B855-D2159DAB6277}.Release|x86.ActiveCfg = Release|Any CPU
		{A50416EA-D6CF-4149-B855-D2159DAB6277}.Release|x86.Build.0 = Release|Any CPU
	EndGlobalSection
	GlobalSection(SolutionProperties) = preSolution
		HideSolutionNode = FALSE
	EndGlobalSection
	GlobalSection(NestedProjects) = preSolution
		{3D8BB244-2A7E-43C1-B95A-5DF7D699D4FA} = {680DD480-9264-4312-85FC-82FB2D0078B9}
		{38669265-4013-4032-98DB-144CA3132C9D} = {680DD480-9264-4312-85FC-82FB2D0078B9}
		{CF800807-C379-49DD-AAE3-6AC296D42856} = {680DD480-9264-4312-85FC-82FB2D0078B9}
		{D6311130-BC4B-4259-8A51-75A38BB9EF88} = {680DD480-9264-4312-85FC-82FB2D0078B9}
		{B70111F0-98F5-4AE2-BC2B-037C50573BB5} = {680DD480-9264-4312-85FC-82FB2D0078B9}
		{9A627D5C-6806-4424-8730-58CBCFFF4E1B} = {680DD480-9264-4312-85FC-82FB2D0078B9}
		{866A48CA-CCB9-4B5F-8D7A-E8F72DB11F77} = {680DD480-9264-4312-85FC-82FB2D0078B9}
		{24730A51-E6EE-43BE-9E48-769831BF2FF3} = {680DD480-9264-4312-85FC-82FB2D0078B9}
		{FC03099D-68DA-4A8B-95A8-98B4F582151B} = {680DD480-9264-4312-85FC-82FB2D0078B9}
	EndGlobalSection
	GlobalSection(ExtensibilityGlobals) = postSolution
		SolutionGuid = {E24C39F8-7108-469B-88AA-D4C84CF587F7}
	EndGlobalSection
EndGlobal
